// !$*UTF8*$!
{
	archiveVersion = 1;
	classes = {
	};
	objectVersion = 56;
	objects = {

/* Begin PBXBuildFile section */
		A7C691EB298957C900112F6D /* AppDelegate.swift in Sources */ = {isa = PBXBuildFile; fileRef = A7C691EA298957C900112F6D /* AppDelegate.swift */; };
		A7C691ED298957C900112F6D /* SceneDelegate.swift in Sources */ = {isa = PBXBuildFile; fileRef = A7C691EC298957C900112F6D /* SceneDelegate.swift */; };
		A7C691EF298957C900112F6D /* ViewController.swift in Sources */ = {isa = PBXBuildFile; fileRef = A7C691EE298957C900112F6D /* ViewController.swift */; };
		A7C691F2298957C900112F6D /* Main.storyboard in Resources */ = {isa = PBXBuildFile; fileRef = A7C691F0298957C900112F6D /* Main.storyboard */; };
		A7C691F4298957CA00112F6D /* Assets.xcassets in Resources */ = {isa = PBXBuildFile; fileRef = A7C691F3298957CA00112F6D /* Assets.xcassets */; };
		A7C691F7298957CA00112F6D /* LaunchScreen.storyboard in Resources */ = {isa = PBXBuildFile; fileRef = A7C691F5298957CA00112F6D /* LaunchScreen.storyboard */; };
		A7C69202298957CA00112F6D /* wwwTests.swift in Sources */ = {isa = PBXBuildFile; fileRef = A7C69201298957CA00112F6D /* wwwTests.swift */; };
		A7C6920C298957CA00112F6D /* wwwUITests.swift in Sources */ = {isa = PBXBuildFile; fileRef = A7C6920B298957CA00112F6D /* wwwUITests.swift */; };
		A7C6920E298957CA00112F6D /* wwwUITestsLaunchTests.swift in Sources */ = {isa = PBXBuildFile; fileRef = A7C6920D298957CA00112F6D /* wwwUITestsLaunchTests.swift */; };
/* End PBXBuildFile section */

/* Begin PBXContainerItemProxy section */
		A7C691FE298957CA00112F6D /* PBXContainerItemProxy */ = {
			isa = PBXContainerItemProxy;
			containerPortal = A7C691DF298957C900112F6D /* Project object */;
			proxyType = 1;
			remoteGlobalIDString = A7C691E6298957C900112F6D;
			remoteInfo = www;
		};
		A7C69208298957CA00112F6D /* PBXContainerItemProxy */ = {
			isa = PBXContainerItemProxy;
			containerPortal = A7C691DF298957C900112F6D /* Project object */;
			proxyType = 1;
			remoteGlobalIDString = A7C691E6298957C900112F6D;
			remoteInfo = www;
		};
/* End PBXContainerItemProxy section */

/* Begin PBXFileReference section */
		A7C691E7298957C900112F6D /* www.app */ = {isa = PBXFileReference; explicitFileType = wrapper.application; includeInIndex = 0; path = www.app; sourceTree = BUILT_PRODUCTS_DIR; };
		A7C691EA298957C900112F6D /* AppDelegate.swift */ = {isa = PBXFileReference; lastKnownFileType = sourcecode.swift; path = AppDelegate.swift; sourceTree = "<group>"; };
		A7C691EC298957C900112F6D /* SceneDelegate.swift */ = {isa = PBXFileReference; lastKnownFileType = sourcecode.swift; path = SceneDelegate.swift; sourceTree = "<group>"; };
		A7C691EE298957C900112F6D /* ViewController.swift */ = {isa = PBXFileReference; lastKnownFileType = sourcecode.swift; path = ViewController.swift; sourceTree = "<group>"; };
		A7C691F1298957C900112F6D /* Base */ = {isa = PBXFileReference; lastKnownFileType = file.storyboard; name = Base; path = Base.lproj/Main.storyboard; sourceTree = "<group>"; };
		A7C691F3298957CA00112F6D /* Assets.xcassets */ = {isa = PBXFileReference; lastKnownFileType = folder.assetcatalog; path = Assets.xcassets; sourceTree = "<group>"; };
		A7C691F6298957CA00112F6D /* Base */ = {isa = PBXFileReference; lastKnownFileType = file.storyboard; name = Base; path = Base.lproj/LaunchScreen.storyboard; sourceTree = "<group>"; };
		A7C691F8298957CA00112F6D /* Info.plist */ = {isa = PBXFileReference; lastKnownFileType = text.plist.xml; path = Info.plist; sourceTree = "<group>"; };
		A7C691FD298957CA00112F6D /* wwwTests.xctest */ = {isa = PBXFileReference; explicitFileType = wrapper.cfbundle; includeInIndex = 0; path = wwwTests.xctest; sourceTree = BUILT_PRODUCTS_DIR; };
		A7C69201298957CA00112F6D /* wwwTests.swift */ = {isa = PBXFileReference; lastKnownFileType = sourcecode.swift; path = wwwTests.swift; sourceTree = "<group>"; };
		A7C69207298957CA00112F6D /* wwwUITests.xctest */ = {isa = PBXFileReference; explicitFileType = wrapper.cfbundle; includeInIndex = 0; path = wwwUITests.xctest; sourceTree = BUILT_PRODUCTS_DIR; };
		A7C6920B298957CA00112F6D /* wwwUITests.swift */ = {isa = PBXFileReference; lastKnownFileType = sourcecode.swift; path = wwwUITests.swift; sourceTree = "<group>"; };
		A7C6920D298957CA00112F6D /* wwwUITestsLaunchTests.swift */ = {isa = PBXFileReference; lastKnownFileType = sourcecode.swift; path = wwwUITestsLaunchTests.swift; sourceTree = "<group>"; };
/* End PBXFileReference section */

/* Begin PBXFrameworksBuildPhase section */
		A7C691E4298957C900112F6D /* Frameworks */ = {
			isa = PBXFrameworksBuildPhase;
			buildActionMask = 2147483647;
			files = (
			);
			runOnlyForDeploymentPostprocessing = 0;
		};
		A7C691FA298957CA00112F6D /* Frameworks */ = {
			isa = PBXFrameworksBuildPhase;
			buildActionMask = 2147483647;
			files = (
			);
			runOnlyForDeploymentPostprocessing = 0;
		};
		A7C69204298957CA00112F6D /* Frameworks */ = {
			isa = PBXFrameworksBuildPhase;
			buildActionMask = 2147483647;
			files = (
			);
			runOnlyForDeploymentPostprocessing = 0;
		};
/* End PBXFrameworksBuildPhase section */

/* Begin PBXGroup section */
		A7C691DE298957C900112F6D = {
			isa = PBXGroup;
			children = (
				A7C691E9298957C900112F6D /* www */,
				A7C69200298957CA00112F6D /* wwwTests */,
				A7C6920A298957CA00112F6D /* wwwUITests */,
				A7C691E8298957C900112F6D /* Products */,
			);
			sourceTree = "<group>";
		};
		A7C691E8298957C900112F6D /* Products */ = {
			isa = PBXGroup;
			children = (
				A7C691E7298957C900112F6D /* www.app */,
				A7C691FD298957CA00112F6D /* wwwTests.xctest */,
				A7C69207298957CA00112F6D /* wwwUITests.xctest */,
			);
			name = Products;
			sourceTree = "<group>";
		};
		A7C691E9298957C900112F6D /* www */ = {
			isa = PBXGroup;
			children = (
				A7C691EA298957C900112F6D /* AppDelegate.swift */,
				A7C691EC298957C900112F6D /* SceneDelegate.swift */,
				A7C691EE298957C900112F6D /* ViewController.swift */,
				A7C691F0298957C900112F6D /* Main.storyboard */,
				A7C691F3298957CA00112F6D /* Assets.xcassets */,
				A7C691F5298957CA00112F6D /* LaunchScreen.storyboard */,
				A7C691F8298957CA00112F6D /* Info.plist */,
			);
			path = www;
			sourceTree = "<group>";
		};
		A7C69200298957CA00112F6D /* wwwTests */ = {
			isa = PBXGroup;
			children = (
				A7C69201298957CA00112F6D /* wwwTests.swift */,
			);
			path = wwwTests;
			sourceTree = "<group>";
		};
		A7C6920A298957CA00112F6D /* wwwUITests */ = {
			isa = PBXGroup;
			children = (
				A7C6920B298957CA00112F6D /* wwwUITests.swift */,
				A7C6920D298957CA00112F6D /* wwwUITestsLaunchTests.swift */,
			);
			path = wwwUITests;
			sourceTree = "<group>";
		};
/* End PBXGroup section */

/* Begin PBXNativeTarget section */
		A7C691E6298957C900112F6D /* www */ = {
			isa = PBXNativeTarget;
			buildConfigurationList = A7C69211298957CA00112F6D /* Build configuration list for PBXNativeTarget "www" */;
			buildPhases = (
				A7C691E3298957C900112F6D /* Sources */,
				A7C691E4298957C900112F6D /* Frameworks */,
				A7C691E5298957C900112F6D /* Resources */,
			);
			buildRules = (
			);
			dependencies = (
			);
			name = www;
			productName = www;
			productReference = A7C691E7298957C900112F6D /* www.app */;
			productType = "com.apple.product-type.application";
		};
		A7C691FC298957CA00112F6D /* wwwTests */ = {
			isa = PBXNativeTarget;
			buildConfigurationList = A7C69214298957CA00112F6D /* Build configuration list for PBXNativeTarget "wwwTests" */;
			buildPhases = (
				A7C691F9298957CA00112F6D /* Sources */,
				A7C691FA298957CA00112F6D /* Frameworks */,
				A7C691FB298957CA00112F6D /* Resources */,
			);
			buildRules = (
			);
			dependencies = (
				A7C691FF298957CA00112F6D /* PBXTargetDependency */,
			);
			name = wwwTests;
			productName = wwwTests;
			productReference = A7C691FD298957CA00112F6D /* wwwTests.xctest */;
			productType = "com.apple.product-type.bundle.unit-test";
		};
		A7C69206298957CA00112F6D /* wwwUITests */ = {
			isa = PBXNativeTarget;
			buildConfigurationList = A7C69217298957CA00112F6D /* Build configuration list for PBXNativeTarget "wwwUITests" */;
			buildPhases = (
				A7C69203298957CA00112F6D /* Sources */,
				A7C69204298957CA00112F6D /* Frameworks */,
				A7C69205298957CA00112F6D /* Resources */,
			);
			buildRules = (
			);
			dependencies = (
				A7C69209298957CA00112F6D /* PBXTargetDependency */,
			);
			name = wwwUITests;
			productName = wwwUITests;
			productReference = A7C69207298957CA00112F6D /* wwwUITests.xctest */;
			productType = "com.apple.product-type.bundle.ui-testing";
		};
/* End PBXNativeTarget section */

/* Begin PBXProject section */
		A7C691DF298957C900112F6D /* Project object */ = {
			isa = PBXProject;
			attributes = {
				BuildIndependentTargetsInParallel = 1;
				LastSwiftUpdateCheck = 1400;
				LastUpgradeCheck = 1400;
				TargetAttributes = {
					A7C691E6298957C900112F6D = {
						CreatedOnToolsVersion = 14.0;
					};
					A7C691FC298957CA00112F6D = {
						CreatedOnToolsVersion = 14.0;
						TestTargetID = A7C691E6298957C900112F6D;
					};
					A7C69206298957CA00112F6D = {
						CreatedOnToolsVersion = 14.0;
						TestTargetID = A7C691E6298957C900112F6D;
					};
				};
			};
			buildConfigurationList = A7C691E2298957C900112F6D /* Build configuration list for PBXProject "www" */;
			compatibilityVersion = "Xcode 14.0";
			developmentRegion = en;
			hasScannedForEncodings = 0;
			knownRegions = (
				en,
				Base,
			);
			mainGroup = A7C691DE298957C900112F6D;
			productRefGroup = A7C691E8298957C900112F6D /* Products */;
			projectDirPath = "";
			projectRoot = "";
			targets = (
				A7C691E6298957C900112F6D /* www */,
				A7C691FC298957CA00112F6D /* wwwTests */,
				A7C69206298957CA00112F6D /* wwwUITests */,
			);
		};
/* End PBXProject section */

/* Begin PBXResourcesBuildPhase section */
		A7C691E5298957C900112F6D /* Resources */ = {
			isa = PBXResourcesBuildPhase;
			buildActionMask = 2147483647;
			files = (
				A7C691F7298957CA00112F6D /* LaunchScreen.storyboard in Resources */,
				A7C691F4298957CA00112F6D /* Assets.xcassets in Resources */,
				A7C691F2298957C900112F6D /* Main.storyboard in Resources */,
			);
			runOnlyForDeploymentPostprocessing = 0;
		};
		A7C691FB298957CA00112F6D /* Resources */ = {
			isa = PBXResourcesBuildPhase;
			buildActionMask = 2147483647;
			files = (
			);
			runOnlyForDeploymentPostprocessing = 0;
		};
		A7C69205298957CA00112F6D /* Resources */ = {
			isa = PBXResourcesBuildPhase;
			buildActionMask = 2147483647;
			files = (
			);
			runOnlyForDeploymentPostprocessing = 0;
		};
/* End PBXResourcesBuildPhase section */

/* Begin PBXSourcesBuildPhase section */
		A7C691E3298957C900112F6D /* Sources */ = {
			isa = PBXSourcesBuildPhase;
			buildActionMask = 2147483647;
			files = (
				A7C691EF298957C900112F6D /* ViewController.swift in Sources */,
				A7C691EB298957C900112F6D /* AppDelegate.swift in Sources */,
				A7C691ED298957C900112F6D /* SceneDelegate.swift in Sources */,
			);
			runOnlyForDeploymentPostprocessing = 0;
		};
		A7C691F9298957CA00112F6D /* Sources */ = {
			isa = PBXSourcesBuildPhase;
			buildActionMask = 2147483647;
			files = (
				A7C69202298957CA00112F6D /* wwwTests.swift in Sources */,
			);
			runOnlyForDeploymentPostprocessing = 0;
		};
		A7C69203298957CA00112F6D /* Sources */ = {
			isa = PBXSourcesBuildPhase;
			buildActionMask = 2147483647;
			files = (
				A7C6920E298957CA00112F6D /* wwwUITestsLaunchTests.swift in Sources */,
				A7C6920C298957CA00112F6D /* wwwUITests.swift in Sources */,
			);
			runOnlyForDeploymentPostprocessing = 0;
		};
/* End PBXSourcesBuildPhase section */

/* Begin PBXTargetDependency section */
		A7C691FF298957CA00112F6D /* PBXTargetDependency */ = {
			isa = PBXTargetDependency;
			target = A7C691E6298957C900112F6D /* www */;
			targetProxy = A7C691FE298957CA00112F6D /* PBXContainerItemProxy */;
		};
		A7C69209298957CA00112F6D /* PBXTargetDependency */ = {
			isa = PBXTargetDependency;
			target = A7C691E6298957C900112F6D /* www */;
			targetProxy = A7C69208298957CA00112F6D /* PBXContainerItemProxy */;
		};
/* End PBXTargetDependency section */

/* Begin PBXVariantGroup section */
		A7C691F0298957C900112F6D /* Main.storyboard */ = {
			isa = PBXVariantGroup;
			children = (
				A7C691F1298957C900112F6D /* Base */,
			);
			name = Main.storyboard;
			sourceTree = "<group>";
		};
		A7C691F5298957CA00112F6D /* LaunchScreen.storyboard */ = {
			isa = PBXVariantGroup;
			children = (
				A7C691F6298957CA00112F6D /* Base */,
			);
			name = LaunchScreen.storyboard;
			sourceTree = "<group>";
		};
/* End PBXVariantGroup section */

/* Begin XCBuildConfiguration section */
		A7C6920F298957CA00112F6D /* Debug */ = {
			isa = XCBuildConfiguration;
			buildSettings = {
				ALWAYS_SEARCH_USER_PATHS = NO;
				CLANG_ANALYZER_NONNULL = YES;
				CLANG_ANALYZER_NUMBER_OBJECT_CONVERSION = YES_AGGRESSIVE;
				CLANG_CXX_LANGUAGE_STANDARD = "gnu++20";
				CLANG_ENABLE_MODULES = YES;
				CLANG_ENABLE_OBJC_ARC = YES;
				CLANG_ENABLE_OBJC_WEAK = YES;
				CLANG_WARN_BLOCK_CAPTURE_AUTORELEASING = YES;
				CLANG_WARN_BOOL_CONVERSION = YES;
				CLANG_WARN_COMMA = YES;
				CLANG_WARN_CONSTANT_CONVERSION = YES;
				CLANG_WARN_DEPRECATED_OBJC_IMPLEMENTATIONS = YES;
				CLANG_WARN_DIRECT_OBJC_ISA_USAGE = YES_ERROR;
				CLANG_WARN_DOCUMENTATION_COMMENTS = YES;
				CLANG_WARN_EMPTY_BODY = YES;
				CLANG_WARN_ENUM_CONVERSION = YES;
				CLANG_WARN_INFINITE_RECURSION = YES;
				CLANG_WARN_INT_CONVERSION = YES;
				CLANG_WARN_NON_LITERAL_NULL_CONVERSION = YES;
				CLANG_WARN_OBJC_IMPLICIT_RETAIN_SELF = YES;
				CLANG_WARN_OBJC_LITERAL_CONVERSION = YES;
				CLANG_WARN_OBJC_ROOT_CLASS = YES_ERROR;
				CLANG_WARN_QUOTED_INCLUDE_IN_FRAMEWORK_HEADER = YES;
				CLANG_WARN_RANGE_LOOP_ANALYSIS = YES;
				CLANG_WARN_STRICT_PROTOTYPES = YES;
				CLANG_WARN_SUSPICIOUS_MOVE = YES;
				CLANG_WARN_UNGUARDED_AVAILABILITY = YES_AGGRESSIVE;
				CLANG_WARN_UNREACHABLE_CODE = YES;
				CLANG_WARN__DUPLICATE_METHOD_MATCH = YES;
				COPY_PHASE_STRIP = NO;
				DEBUG_INFORMATION_FORMAT = dwarf;
				ENABLE_STRICT_OBJC_MSGSEND = YES;
				ENABLE_TESTABILITY = YES;
				GCC_C_LANGUAGE_STANDARD = gnu11;
				GCC_DYNAMIC_NO_PIC = NO;
				GCC_NO_COMMON_BLOCKS = YES;
				GCC_OPTIMIZATION_LEVEL = 0;
				GCC_PREPROCESSOR_DEFINITIONS = (
					"DEBUG=1",
					"$(inherited)",
				);
				GCC_WARN_64_TO_32_BIT_CONVERSION = YES;
				GCC_WARN_ABOUT_RETURN_TYPE = YES_ERROR;
				GCC_WARN_UNDECLARED_SELECTOR = YES;
				GCC_WARN_UNINITIALIZED_AUTOS = YES_AGGRESSIVE;
				GCC_WARN_UNUSED_FUNCTION = YES;
				GCC_WARN_UNUSED_VARIABLE = YES;
				IPHONEOS_DEPLOYMENT_TARGET = 16.0;
				MTL_ENABLE_DEBUG_INFO = INCLUDE_SOURCE;
				MTL_FAST_MATH = YES;
				ONLY_ACTIVE_ARCH = YES;
				SDKROOT = iphoneos;
				SWIFT_ACTIVE_COMPILATION_CONDITIONS = DEBUG;
				SWIFT_OPTIMIZATION_LEVEL = "-Onone";
			};
			name = Debug;
		};
		A7C69210298957CA00112F6D /* Release */ = {
			isa = XCBuildConfiguration;
			buildSettings = {
				ALWAYS_SEARCH_USER_PATHS = NO;
				CLANG_ANALYZER_NONNULL = YES;
				CLANG_ANALYZER_NUMBER_OBJECT_CONVERSION = YES_AGGRESSIVE;
				CLANG_CXX_LANGUAGE_STANDARD = "gnu++20";
				CLANG_ENABLE_MODULES = YES;
				CLANG_ENABLE_OBJC_ARC = YES;
				CLANG_ENABLE_OBJC_WEAK = YES;
				CLANG_WARN_BLOCK_CAPTURE_AUTORELEASING = YES;
				CLANG_WARN_BOOL_CONVERSION = YES;
				CLANG_WARN_COMMA = YES;
				CLANG_WARN_CONSTANT_CONVERSION = YES;
				CLANG_WARN_DEPRECATED_OBJC_IMPLEMENTATIONS = YES;
				CLANG_WARN_DIRECT_OBJC_ISA_USAGE = YES_ERROR;
				CLANG_WARN_DOCUMENTATION_COMMENTS = YES;
				CLANG_WARN_EMPTY_BODY = YES;
				CLANG_WARN_ENUM_CONVERSION = YES;
				CLANG_WARN_INFINITE_RECURSION = YES;
				CLANG_WARN_INT_CONVERSION = YES;
				CLANG_WARN_NON_LITERAL_NULL_CONVERSION = YES;
				CLANG_WARN_OBJC_IMPLICIT_RETAIN_SELF = YES;
				CLANG_WARN_OBJC_LITERAL_CONVERSION = YES;
				CLANG_WARN_OBJC_ROOT_CLASS = YES_ERROR;
				CLANG_WARN_QUOTED_INCLUDE_IN_FRAMEWORK_HEADER = YES;
				CLANG_WARN_RANGE_LOOP_ANALYSIS = YES;
				CLANG_WARN_STRICT_PROTOTYPES = YES;
				CLANG_WARN_SUSPICIOUS_MOVE = YES;
				CLANG_WARN_UNGUARDED_AVAILABILITY = YES_AGGRESSIVE;
				CLANG_WARN_UNREACHABLE_CODE = YES;
				CLANG_WARN__DUPLICATE_METHOD_MATCH = YES;
				COPY_PHASE_STRIP = NO;
				DEBUG_INFORMATION_FORMAT = "dwarf-with-dsym";
				ENABLE_NS_ASSERTIONS = NO;
				ENABLE_STRICT_OBJC_MSGSEND = YES;
				GCC_C_LANGUAGE_STANDARD = gnu11;
				GCC_NO_COMMON_BLOCKS = YES;
				GCC_WARN_64_TO_32_BIT_CONVERSION = YES;
				GCC_WARN_ABOUT_RETURN_TYPE = YES_ERROR;
				GCC_WARN_UNDECLARED_SELECTOR = YES;
				GCC_WARN_UNINITIALIZED_AUTOS = YES_AGGRESSIVE;
				GCC_WARN_UNUSED_FUNCTION = YES;
				GCC_WARN_UNUSED_VARIABLE = YES;
				IPHONEOS_DEPLOYMENT_TARGET = 16.0;
				MTL_ENABLE_DEBUG_INFO = NO;
				MTL_FAST_MATH = YES;
				SDKROOT = iphoneos;
				SWIFT_COMPILATION_MODE = wholemodule;
				SWIFT_OPTIMIZATION_LEVEL = "-O";
				VALIDATE_PRODUCT = YES;
			};
			name = Release;
		};
		A7C69212298957CA00112F6D /* Debug */ = {
			isa = XCBuildConfiguration;
			buildSettings = {
				ASSETCATALOG_COMPILER_APPICON_NAME = AppIcon;
				ASSETCATALOG_COMPILER_GLOBAL_ACCENT_COLOR_NAME = AccentColor;
				CODE_SIGN_STYLE = Automatic;
				CURRENT_PROJECT_VERSION = 1;
				GENERATE_INFOPLIST_FILE = YES;
				INFOPLIST_FILE = www/Info.plist;
				INFOPLIST_KEY_UIApplicationSupportsIndirectInputEvents = YES;
				INFOPLIST_KEY_UILaunchStoryboardName = LaunchScreen;
				INFOPLIST_KEY_UIMainStoryboardFile = Main;
				INFOPLIST_KEY_UISupportedInterfaceOrientations_iPad = "UIInterfaceOrientationPortrait UIInterfaceOrientationPortraitUpsideDown UIInterfaceOrientationLandscapeLeft UIInterfaceOrientationLandscapeRight";
				INFOPLIST_KEY_UISupportedInterfaceOrientations_iPhone = "UIInterfaceOrientationPortrait UIInterfaceOrientationLandscapeLeft UIInterfaceOrientationLandscapeRight";
				LD_RUNPATH_SEARCH_PATHS = (
					"$(inherited)",
					"@executable_path/Frameworks",
				);
				MARKETING_VERSION = 1.0;
				PRODUCT_BUNDLE_IDENTIFIER = com.promise8.www;
				PRODUCT_NAME = "$(TARGET_NAME)";
				SWIFT_EMIT_LOC_STRINGS = YES;
				SWIFT_VERSION = 5.0;
				TARGETED_DEVICE_FAMILY = "1,2";
			};
			name = Debug;
		};
		A7C69213298957CA00112F6D /* Release */ = {
			isa = XCBuildConfiguration;
			buildSettings = {
				ASSETCATALOG_COMPILER_APPICON_NAME = AppIcon;
				ASSETCATALOG_COMPILER_GLOBAL_ACCENT_COLOR_NAME = AccentColor;
				CODE_SIGN_STYLE = Automatic;
				CURRENT_PROJECT_VERSION = 1;
				GENERATE_INFOPLIST_FILE = YES;
				INFOPLIST_FILE = www/Info.plist;
				INFOPLIST_KEY_UIApplicationSupportsIndirectInputEvents = YES;
				INFOPLIST_KEY_UILaunchStoryboardName = LaunchScreen;
				INFOPLIST_KEY_UIMainStoryboardFile = Main;
				INFOPLIST_KEY_UISupportedInterfaceOrientations_iPad = "UIInterfaceOrientationPortrait UIInterfaceOrientationPortraitUpsideDown UIInterfaceOrientationLandscapeLeft UIInterfaceOrientationLandscapeRight";
				INFOPLIST_KEY_UISupportedInterfaceOrientations_iPhone = "UIInterfaceOrientationPortrait UIInterfaceOrientationLandscapeLeft UIInterfaceOrientationLandscapeRight";
				LD_RUNPATH_SEARCH_PATHS = (
					"$(inherited)",
					"@executable_path/Frameworks",
				);
				MARKETING_VERSION = 1.0;
				PRODUCT_BUNDLE_IDENTIFIER = com.promise8.www;
				PRODUCT_NAME = "$(TARGET_NAME)";
				SWIFT_EMIT_LOC_STRINGS = YES;
				SWIFT_VERSION = 5.0;
				TARGETED_DEVICE_FAMILY = "1,2";
			};
			name = Release;
		};
		A7C69215298957CA00112F6D /* Debug */ = {
			isa = XCBuildConfiguration;
			buildSettings = {
				ALWAYS_EMBED_SWIFT_STANDARD_LIBRARIES = YES;
				BUNDLE_LOADER = "$(TEST_HOST)";
				CODE_SIGN_STYLE = Automatic;
				CURRENT_PROJECT_VERSION = 1;
				GENERATE_INFOPLIST_FILE = YES;
				IPHONEOS_DEPLOYMENT_TARGET = 16.0;
				MARKETING_VERSION = 1.0;
				PRODUCT_BUNDLE_IDENTIFIER = com.promise8.wwwTests;
				PRODUCT_NAME = "$(TARGET_NAME)";
				SWIFT_EMIT_LOC_STRINGS = NO;
				SWIFT_VERSION = 5.0;
				TARGETED_DEVICE_FAMILY = "1,2";
				TEST_HOST = "$(BUILT_PRODUCTS_DIR)/www.app/$(BUNDLE_EXECUTABLE_FOLDER_PATH)/www";
			};
			name = Debug;
		};
		A7C69216298957CA00112F6D /* Release */ = {
			isa = XCBuildConfiguration;
			buildSettings = {
				ALWAYS_EMBED_SWIFT_STANDARD_LIBRARIES = YES;
				BUNDLE_LOADER = "$(TEST_HOST)";
				CODE_SIGN_STYLE = Automatic;
				CURRENT_PROJECT_VERSION = 1;
				GENERATE_INFOPLIST_FILE = YES;
				IPHONEOS_DEPLOYMENT_TARGET = 16.0;
				MARKETING_VERSION = 1.0;
				PRODUCT_BUNDLE_IDENTIFIER = com.promise8.wwwTests;
				PRODUCT_NAME = "$(TARGET_NAME)";
				SWIFT_EMIT_LOC_STRINGS = NO;
				SWIFT_VERSION = 5.0;
				TARGETED_DEVICE_FAMILY = "1,2";
				TEST_HOST = "$(BUILT_PRODUCTS_DIR)/www.app/$(BUNDLE_EXECUTABLE_FOLDER_PATH)/www";
			};
			name = Release;
		};
		A7C69218298957CA00112F6D /* Debug */ = {
			isa = XCBuildConfiguration;
			buildSettings = {
				ALWAYS_EMBED_SWIFT_STANDARD_LIBRARIES = YES;
				CODE_SIGN_STYLE = Automatic;
				CURRENT_PROJECT_VERSION = 1;
				GENERATE_INFOPLIST_FILE = YES;
				MARKETING_VERSION = 1.0;
				PRODUCT_BUNDLE_IDENTIFIER = com.promise8.wwwUITests;
				PRODUCT_NAME = "$(TARGET_NAME)";
				SWIFT_EMIT_LOC_STRINGS = NO;
				SWIFT_VERSION = 5.0;
				TARGETED_DEVICE_FAMILY = "1,2";
				TEST_TARGET_NAME = www;
			};
			name = Debug;
		};
		A7C69219298957CA00112F6D /* Release */ = {
			isa = XCBuildConfiguration;
			buildSettings = {
				ALWAYS_EMBED_SWIFT_STANDARD_LIBRARIES = YES;
				CODE_SIGN_STYLE = Automatic;
				CURRENT_PROJECT_VERSION = 1;
				GENERATE_INFOPLIST_FILE = YES;
				MARKETING_VERSION = 1.0;
				PRODUCT_BUNDLE_IDENTIFIER = com.promise8.wwwUITests;
				PRODUCT_NAME = "$(TARGET_NAME)";
				SWIFT_EMIT_LOC_STRINGS = NO;
				SWIFT_VERSION = 5.0;
				TARGETED_DEVICE_FAMILY = "1,2";
				TEST_TARGET_NAME = www;
			};
			name = Release;
		};
/* End XCBuildConfiguration section */

/* Begin XCConfigurationList section */
		A7C691E2298957C900112F6D /* Build configuration list for PBXProject "www" */ = {
			isa = XCConfigurationList;
			buildConfigurations = (
				A7C6920F298957CA00112F6D /* Debug */,
				A7C69210298957CA00112F6D /* Release */,
			);
			defaultConfigurationIsVisible = 0;
			defaultConfigurationName = Release;
		};
		A7C69211298957CA00112F6D /* Build configuration list for PBXNativeTarget "www" */ = {
			isa = XCConfigurationList;
			buildConfigurations = (
				A7C69212298957CA00112F6D /* Debug */,
				A7C69213298957CA00112F6D /* Release */,
			);
			defaultConfigurationIsVisible = 0;
			defaultConfigurationName = Release;
		};
		A7C69214298957CA00112F6D /* Build configuration list for PBXNativeTarget "wwwTests" */ = {
			isa = XCConfigurationList;
			buildConfigurations = (
				A7C69215298957CA00112F6D /* Debug */,
				A7C69216298957CA00112F6D /* Release */,
			);
			defaultConfigurationIsVisible = 0;
			defaultConfigurationName = Release;
		};
		A7C69217298957CA00112F6D /* Build configuration list for PBXNativeTarget "wwwUITests" */ = {
			isa = XCConfigurationList;
			buildConfigurations = (
				A7C69218298957CA00112F6D /* Debug */,
				A7C69219298957CA00112F6D /* Release */,
			);
			defaultConfigurationIsVisible = 0;
			defaultConfigurationName = Release;
		};
/* End XCConfigurationList section */
	};
	rootObject = A7C691DF298957C900112F6D /* Project object */;
}
